
Microsoft Visual Studio Solution File, Format Version 12.00
# Visual Studio Version 17
VisualStudioVersion = 17.11.35327.3
MinimumVisualStudioVersion = 10.0.40219.1
Project("{9A19103F-16F7-4668-BE54-9A1E7A4F7556}") = "IntelligentOnlineLearningManagementSystem", "IntelligentOnlineLearningManagementSystem\IntelligentOnlineLearningManagementSystem.csproj", "{3624995E-E6A0-41CC-BBD2-168BC4705D13}"
EndProject
Project("{2150E333-8FDC-42A3-9474-1A3956D46DE8}") = "Domain", "Domain", "{366EE326-5D5F-454C-9EBF-A5565D40A8C6}"
EndProject
Project("{2150E333-8FDC-42A3-9474-1A3956D46DE8}") = "Application", "Application", "{0818A700-7364-4D24-9EF1-A2486E9265E5}"
EndProject
Project("{2150E333-8FDC-42A3-9474-1A3956D46DE8}") = "Infrastructure", "Infrastructure", "{A7653360-E534-4315-A5C8-DB2B1EBBD42A}"
EndProject
Project("{2150E333-8FDC-42A3-9474-1A3956D46DE8}") = "WebAPI", "WebAPI", "{0CAF08D7-E872-4728-83E2-A742BB3CE41D}"
EndProject
Project("{9A19103F-16F7-4668-BE54-9A1E7A4F7556}") = "Application", "Application\Application.csproj", "{878DEB0E-0E7F-47B7-AE21-965AED0C01C2}"
	ProjectSection(ProjectDependencies) = postProject
		{6471E8D3-9AB3-4AD9-BE8E-8A86B958F232} = {6471E8D3-9AB3-4AD9-BE8E-8A86B958F232}
	EndProjectSection
EndProject
Project("{9A19103F-16F7-4668-BE54-9A1E7A4F7556}") = "Domain", "Domain\Domain.csproj", "{6471E8D3-9AB3-4AD9-BE8E-8A86B958F232}"
EndProject
Project("{9A19103F-16F7-4668-BE54-9A1E7A4F7556}") = "Infrastructure", "Infrastructure\Infrastructure.csproj", "{A7A7D3CA-B07A-469C-8750-7DFFF75D14F6}"
EndProject
Project("{2150E333-8FDC-42A3-9474-1A3956D46DE8}") = "src", "src", "{0B5370B5-82DF-4DAF-BC2B-25CBA14BBAD7}"
EndProject
Project("{2150E333-8FDC-42A3-9474-1A3956D46DE8}") = "tests", "tests", "{50D81DCC-1177-4976-A5BF-3ED17EAFE22C}"
EndProject
Project("{2150E333-8FDC-42A3-9474-1A3956D46DE8}") = "Unit Tests", "Unit Tests", "{AF530130-618C-4E3B-902F-A0B0D0EC72BE}"
EndProject
Project("{2150E333-8FDC-42A3-9474-1A3956D46DE8}") = "Integration Tests", "Integration Tests", "{ECAE6989-6620-49A0-8C64-9242F8ECB550}"
EndProject
Project("{9A19103F-16F7-4668-BE54-9A1E7A4F7556}") = "TestProject1", "TestProject1\TestProject1.csproj", "{76388635-C5A8-4EFB-9CFF-59DAC373B70C}"
EndProject
Project("{9A19103F-16F7-4668-BE54-9A1E7A4F7556}") = "Identity", "Identity\Identity.csproj", "{EE43C039-2ACC-4620-879D-C6A0E595942E}"
EndProject
Project("{FAE04EC0-301F-11D3-BF4B-00C04F79EFBC}") = "IntegrationTests", "IntegrationTests\IntegrationTests.csproj", "{9022D98E-2D29-4883-BF2C-C379DCB4FDD0}"
EndProject
Global
	GlobalSection(SolutionConfigurationPlatforms) = preSolution
		Debug|Any CPU = Debug|Any CPU
		Release|Any CPU = Release|Any CPU
	EndGlobalSection
	GlobalSection(ProjectConfigurationPlatforms) = postSolution
		{3624995E-E6A0-41CC-BBD2-168BC4705D13}.Debug|Any CPU.ActiveCfg = Debug|Any CPU
		{3624995E-E6A0-41CC-BBD2-168BC4705D13}.Debug|Any CPU.Build.0 = Debug|Any CPU
		{3624995E-E6A0-41CC-BBD2-168BC4705D13}.Release|Any CPU.ActiveCfg = Release|Any CPU
		{3624995E-E6A0-41CC-BBD2-168BC4705D13}.Release|Any CPU.Build.0 = Release|Any CPU
		{878DEB0E-0E7F-47B7-AE21-965AED0C01C2}.Debug|Any CPU.ActiveCfg = Debug|Any CPU
		{878DEB0E-0E7F-47B7-AE21-965AED0C01C2}.Debug|Any CPU.Build.0 = Debug|Any CPU
		{878DEB0E-0E7F-47B7-AE21-965AED0C01C2}.Release|Any CPU.ActiveCfg = Release|Any CPU
		{878DEB0E-0E7F-47B7-AE21-965AED0C01C2}.Release|Any CPU.Build.0 = Release|Any CPU
		{6471E8D3-9AB3-4AD9-BE8E-8A86B958F232}.Debug|Any CPU.ActiveCfg = Debug|Any CPU
		{6471E8D3-9AB3-4AD9-BE8E-8A86B958F232}.Debug|Any CPU.Build.0 = Debug|Any CPU
		{6471E8D3-9AB3-4AD9-BE8E-8A86B958F232}.Release|Any CPU.ActiveCfg = Release|Any CPU
		{6471E8D3-9AB3-4AD9-BE8E-8A86B958F232}.Release|Any CPU.Build.0 = Release|Any CPU
		{A7A7D3CA-B07A-469C-8750-7DFFF75D14F6}.Debug|Any CPU.ActiveCfg = Debug|Any CPU
		{A7A7D3CA-B07A-469C-8750-7DFFF75D14F6}.Debug|Any CPU.Build.0 = Debug|Any CPU
		{A7A7D3CA-B07A-469C-8750-7DFFF75D14F6}.Release|Any CPU.ActiveCfg = Release|Any CPU
		{A7A7D3CA-B07A-469C-8750-7DFFF75D14F6}.Release|Any CPU.Build.0 = Release|Any CPU
		{76388635-C5A8-4EFB-9CFF-59DAC373B70C}.Debug|Any CPU.ActiveCfg = Debug|Any CPU
		{76388635-C5A8-4EFB-9CFF-59DAC373B70C}.Debug|Any CPU.Build.0 = Debug|Any CPU
		{76388635-C5A8-4EFB-9CFF-59DAC373B70C}.Release|Any CPU.ActiveCfg = Release|Any CPU
		{76388635-C5A8-4EFB-9CFF-59DAC373B70C}.Release|Any CPU.Build.0 = Release|Any CPU
		{EE43C039-2ACC-4620-879D-C6A0E595942E}.Debug|Any CPU.ActiveCfg = Debug|Any CPU
		{EE43C039-2ACC-4620-879D-C6A0E595942E}.Debug|Any CPU.Build.0 = Debug|Any CPU
		{EE43C039-2ACC-4620-879D-C6A0E595942E}.Release|Any CPU.ActiveCfg = Release|Any CPU
		{EE43C039-2ACC-4620-879D-C6A0E595942E}.Release|Any CPU.Build.0 = Release|Any CPU
		{9022D98E-2D29-4883-BF2C-C379DCB4FDD0}.Debug|Any CPU.ActiveCfg = Debug|Any CPU
		{9022D98E-2D29-4883-BF2C-C379DCB4FDD0}.Debug|Any CPU.Build.0 = Debug|Any CPU
		{9022D98E-2D29-4883-BF2C-C379DCB4FDD0}.Release|Any CPU.ActiveCfg = Release|Any CPU
		{9022D98E-2D29-4883-BF2C-C379DCB4FDD0}.Release|Any CPU.Build.0 = Release|Any CPU
	EndGlobalSection
	GlobalSection(SolutionProperties) = preSolution
		HideSolutionNode = FALSE
	EndGlobalSection
	GlobalSection(NestedProjects) = preSolution
		{3624995E-E6A0-41CC-BBD2-168BC4705D13} = {0CAF08D7-E872-4728-83E2-A742BB3CE41D}
		{366EE326-5D5F-454C-9EBF-A5565D40A8C6} = {0B5370B5-82DF-4DAF-BC2B-25CBA14BBAD7}
		{0818A700-7364-4D24-9EF1-A2486E9265E5} = {0B5370B5-82DF-4DAF-BC2B-25CBA14BBAD7}
		{A7653360-E534-4315-A5C8-DB2B1EBBD42A} = {0B5370B5-82DF-4DAF-BC2B-25CBA14BBAD7}
		{0CAF08D7-E872-4728-83E2-A742BB3CE41D} = {0B5370B5-82DF-4DAF-BC2B-25CBA14BBAD7}
		{878DEB0E-0E7F-47B7-AE21-965AED0C01C2} = {0818A700-7364-4D24-9EF1-A2486E9265E5}
		{6471E8D3-9AB3-4AD9-BE8E-8A86B958F232} = {366EE326-5D5F-454C-9EBF-A5565D40A8C6}
		{A7A7D3CA-B07A-469C-8750-7DFFF75D14F6} = {A7653360-E534-4315-A5C8-DB2B1EBBD42A}
		{AF530130-618C-4E3B-902F-A0B0D0EC72BE} = {50D81DCC-1177-4976-A5BF-3ED17EAFE22C}
		{ECAE6989-6620-49A0-8C64-9242F8ECB550} = {50D81DCC-1177-4976-A5BF-3ED17EAFE22C}
		{76388635-C5A8-4EFB-9CFF-59DAC373B70C} = {AF530130-618C-4E3B-902F-A0B0D0EC72BE}
		{EE43C039-2ACC-4620-879D-C6A0E595942E} = {A7653360-E534-4315-A5C8-DB2B1EBBD42A}
		{9022D98E-2D29-4883-BF2C-C379DCB4FDD0} = {ECAE6989-6620-49A0-8C64-9242F8ECB550}
	EndGlobalSection
	GlobalSection(ExtensibilityGlobals) = postSolution
		SolutionGuid = {2BA4CAC9-4B5A-40BE-8B7E-DA795CB69059}
	EndGlobalSection
EndGlobal
